{
  "lockfileVersion": 1,
  "workspaces": {
    "": {
      "name": "swarmpulse",
      "dependencies": {
        "@orpc/client": "^1.4.3",
        "@orpc/server": "^1.4.3",
        "zod": "^3.24.1",
      },
      "devDependencies": {
        "@types/bun": "latest",
        "typescript": "^5.7.2",
      },
    },
  },
  "packages": {
    "@orpc/client": ["@orpc/client@1.13.1", "", { "dependencies": { "@orpc/shared": "1.13.1", "@orpc/standard-server": "1.13.1", "@orpc/standard-server-fetch": "1.13.1", "@orpc/standard-server-peer": "1.13.1" } }, "sha512-m0v5HtBrgsq/L5UiPJQGPhpvGaSnoLJByWkH26wottSOEfMCaQHx4eC0q3MVP1Oy35Z8Id1bUXV03V4GsgbVVg=="],

    "@orpc/contract": ["@orpc/contract@1.13.1", "", { "dependencies": { "@orpc/client": "1.13.1", "@orpc/shared": "1.13.1", "@standard-schema/spec": "^1.0.0", "openapi-types": "^12.1.3" } }, "sha512-xITRv7Xy9Kk4Cd/urNv0a3BKBeGo6RcSyWFge53SIke/vEWnlnMXIE5gk3z+fqkWOQ4LvpSKGdJshj9BkfrtbA=="],

    "@orpc/interop": ["@orpc/interop@1.13.1", "", {}, "sha512-HLcKZOziLnfz5vkI6Rc6I3fe53QdVToI9zMWekE95LEWSZwAA35hNQsSG3QMLGlkH2PMO9TGhZbq9GsBwYfHYg=="],

    "@orpc/server": ["@orpc/server@1.13.1", "", { "dependencies": { "@orpc/client": "1.13.1", "@orpc/contract": "1.13.1", "@orpc/interop": "1.13.1", "@orpc/shared": "1.13.1", "@orpc/standard-server": "1.13.1", "@orpc/standard-server-aws-lambda": "1.13.1", "@orpc/standard-server-fastify": "1.13.1", "@orpc/standard-server-fetch": "1.13.1", "@orpc/standard-server-node": "1.13.1", "@orpc/standard-server-peer": "1.13.1", "cookie": "^1.0.2" }, "peerDependencies": { "crossws": ">=0.3.4", "ws": ">=8.18.1" }, "optionalPeers": ["crossws", "ws"] }, "sha512-e8AcsxWDC/93ip+U6/ZnFf7Kp+ND8+r54iPkZ4pIsUdUcU9RsECYnOQZtmg3x1maoKYs3I3Xl4feADk4F7RtLg=="],

    "@orpc/shared": ["@orpc/shared@1.13.1", "", { "dependencies": { "radash": "^12.1.1", "type-fest": "^5.2.0" }, "peerDependencies": { "@opentelemetry/api": ">=1.9.0" }, "optionalPeers": ["@opentelemetry/api"] }, "sha512-PJY1l9QxxXpojea/c1BgmP2owby19ZTi/l35O7N2GIAXmvQPSvDp/BBAZr4NS0NmRPDj7LQewXMEJc3hFSysEw=="],

    "@orpc/standard-server": ["@orpc/standard-server@1.13.1", "", { "dependencies": { "@orpc/shared": "1.13.1" } }, "sha512-iLv/oGyycXh4xIOG+oBIPwTENqIHVbb9wJMir3a74CSekaA1ErFqiCkRBSjOp/RFahxdGe7fUKAktw56RCWp9Q=="],

    "@orpc/standard-server-aws-lambda": ["@orpc/standard-server-aws-lambda@1.13.1", "", { "dependencies": { "@orpc/shared": "1.13.1", "@orpc/standard-server": "1.13.1", "@orpc/standard-server-fetch": "1.13.1", "@orpc/standard-server-node": "1.13.1" } }, "sha512-ObHPpWRXcnUD4ZF3WRFySS/RBOx4S7jtXUmQKP/VLAGgHbVUu3Q1z+epogqnJ4Qc65VfnLylGqvjZDqUK7E/UA=="],

    "@orpc/standard-server-fastify": ["@orpc/standard-server-fastify@1.13.1", "", { "dependencies": { "@orpc/shared": "1.13.1", "@orpc/standard-server": "1.13.1", "@orpc/standard-server-node": "1.13.1" }, "peerDependencies": { "fastify": ">=5.6.1" }, "optionalPeers": ["fastify"] }, "sha512-2IJhmzk4PxRNJzITaxJ5BHfF9w9Y8xp1sX/kwj2sPE5eJsloqjFjlMRDVn1ttk7Ekc8I9YDliKfPdMiffBYFaA=="],

    "@orpc/standard-server-fetch": ["@orpc/standard-server-fetch@1.13.1", "", { "dependencies": { "@orpc/shared": "1.13.1", "@orpc/standard-server": "1.13.1" } }, "sha512-GQb2NYHFW4psOkRxNn95QGH6s0bmIudVaS9yRgCmxO3ydCVrJFdeNusz+Kd3BniCNyq4ourk2lcqw3cncqYotQ=="],

    "@orpc/standard-server-node": ["@orpc/standard-server-node@1.13.1", "", { "dependencies": { "@orpc/shared": "1.13.1", "@orpc/standard-server": "1.13.1", "@orpc/standard-server-fetch": "1.13.1" } }, "sha512-W78jmof7A0/NyaCy8nef5NF4yQPVsAo4I1uuKHy+gDj+wAnC+C0LJ9blify/aWsM9UzAQeqXPYzDeISzv3FCRw=="],

    "@orpc/standard-server-peer": ["@orpc/standard-server-peer@1.13.1", "", { "dependencies": { "@orpc/shared": "1.13.1", "@orpc/standard-server": "1.13.1" } }, "sha512-wMxhTL4OjR76Tn+sLN//xj5ByTbwVW5nNJg9BjTbCPdeL0oy+DJk96Jwf402Rz9Yq2NkKuFNUDa1BijMvW7/Kw=="],

    "@standard-schema/spec": ["@standard-schema/spec@1.1.0", "", {}, "sha512-l2aFy5jALhniG5HgqrD6jXLi/rUWrKvqN/qJx6yoJsgKhblVd+iqqU4RCXavm/jPityDo5TCvKMnpjKnOriy0w=="],

    "@types/bun": ["@types/bun@1.3.5", "", { "dependencies": { "bun-types": "1.3.5" } }, "sha512-RnygCqNrd3srIPEWBd5LFeUYG7plCoH2Yw9WaZGyNmdTEei+gWaHqydbaIRkIkcbXwhBT94q78QljxN0Sk838w=="],

    "@types/node": ["@types/node@25.0.3", "", { "dependencies": { "undici-types": "~7.16.0" } }, "sha512-W609buLVRVmeW693xKfzHeIV6nJGGz98uCPfeXI1ELMLXVeKYZ9m15fAMSaUPBHYLGFsVRcMmSCksQOrZV9BYA=="],

    "bun-types": ["bun-types@1.3.5", "", { "dependencies": { "@types/node": "*" } }, "sha512-inmAYe2PFLs0SUbFOWSVD24sg1jFlMPxOjOSSCYqUgn4Hsc3rDc7dFvfVYjFPNHtov6kgUeulV4SxbuIV/stPw=="],

    "cookie": ["cookie@1.1.1", "", {}, "sha512-ei8Aos7ja0weRpFzJnEA9UHJ/7XQmqglbRwnf2ATjcB9Wq874VKH9kfjjirM6UhU2/E5fFYadylyhFldcqSidQ=="],

    "openapi-types": ["openapi-types@12.1.3", "", {}, "sha512-N4YtSYJqghVu4iek2ZUvcN/0aqH1kRDuNqzcycDxhOUpg7GdvLa2F3DgS6yBNhInhv2r/6I0Flkn7CqL8+nIcw=="],

    "radash": ["radash@12.1.1", "", {}, "sha512-h36JMxKRqrAxVD8201FrCpyeNuUY9Y5zZwujr20fFO77tpUtGa6EZzfKw/3WaiBX95fq7+MpsuMLNdSnORAwSA=="],

    "tagged-tag": ["tagged-tag@1.0.0", "", {}, "sha512-yEFYrVhod+hdNyx7g5Bnkkb0G6si8HJurOoOEgC8B/O0uXLHlaey/65KRv6cuWBNhBgHKAROVpc7QyYqE5gFng=="],

    "type-fest": ["type-fest@5.3.1", "", { "dependencies": { "tagged-tag": "^1.0.0" } }, "sha512-VCn+LMHbd4t6sF3wfU/+HKT63C9OoyrSIf4b+vtWHpt2U7/4InZG467YDNMFMR70DdHjAdpPWmw2lzRdg0Xqqg=="],

    "typescript": ["typescript@5.9.3", "", { "bin": { "tsc": "bin/tsc", "tsserver": "bin/tsserver" } }, "sha512-jl1vZzPDinLr9eUt3J/t7V6FgNEw9QjvBPdysz9KfQDD41fQrC2Y4vKQdiaUpFT4bXlb1RHhLpp8wtm6M5TgSw=="],

    "undici-types": ["undici-types@7.16.0", "", {}, "sha512-Zz+aZWSj8LE6zoxD+xrjh4VfkIG8Ya6LvYkZqtUQGJPZjYl53ypCaUwWqo7eI0x66KBGeRo+mlBEkMSeSZ38Nw=="],

    "zod": ["zod@3.25.76", "", {}, "sha512-gzUt/qt81nXsFGKIFcC3YnfEAx5NkunCfnDlvuBSSFS02bcXu4Lmea0AFIUwbLWxWPx3d9p8S5QoaujKcNQxcQ=="],
  }
}
